<?xml version="1.0" encoding="utf-8"?>
<Project ToolsVersion="4.0" xmlns="http://schemas.microsoft.com/developer/msbuild/2003">
  <ItemGroup>
    <Filter Include="Source Files">
      <UniqueIdentifier>{4FC737F1-C7A5-4376-A066-2A32D752A2FF}</UniqueIdentifier>
      <Extensions>cpp;c;cc;cxx;def;odl;idl;hpj;bat;asm;asmx</Extensions>
    </Filter>
    <Filter Include="Header Files">
      <UniqueIdentifier>{93995380-89BD-4b04-88EB-625FBE52EBFB}</UniqueIdentifier>
      <Extensions>h;hh;hpp;hxx;hm;inl;inc;xsd</Extensions>
    </Filter>
    <Filter Include="Resource Files">
      <UniqueIdentifier>{67DA6AB6-F800-4c08-8B7A-83BB121AAD01}</UniqueIdentifier>
      <Extensions>rc;ico;cur;bmp;dlg;rc2;rct;bin;rgs;gif;jpg;jpeg;jpe;resx;tiff;tif;png;wav;mfcribbon-ms</Extensions>
    </Filter>
    <Filter Include="Header Files\Not In Use">
      <UniqueIdentifier>{0e016038-abab-4331-992b-6a8f7df666f0}</UniqueIdentifier>
    </Filter>
    <Filter Include="Source Files\Not In use">
      <UniqueIdentifier>{3c30bc65-3bc4-40fe-a96e-1bdfb8716124}</UniqueIdentifier>
    </Filter>
    <Filter Include="Header Files\Objects">
      <UniqueIdentifier>{4d286bbf-6baf-4178-aade-f11dfc9e2cef}</UniqueIdentifier>
    </Filter>
    <Filter Include="Source Files\Objects">
      <UniqueIdentifier>{bb717e9e-54d0-4861-bff2-f4e0ec9225ec}</UniqueIdentifier>
    </Filter>
    <Filter Include="Source Files\System">
      <UniqueIdentifier>{3d4dbb6a-97a5-435c-8163-5e842fe3a6f6}</UniqueIdentifier>
    </Filter>
    <Filter Include="Source Files\Objects\Models">
      <UniqueIdentifier>{278a866d-dbfc-4eba-9592-6c1d7aabcdfb}</UniqueIdentifier>
    </Filter>
    <Filter Include="Header Files\Objects\Models">
      <UniqueIdentifier>{91fa7207-d78a-4ea2-ba8e-87fb25906ccb}</UniqueIdentifier>
    </Filter>
    <Filter Include="Header Files\System">
      <UniqueIdentifier>{915f643c-7f17-4aa6-ac3a-5a67a7f80ea7}</UniqueIdentifier>
    </Filter>
    <Filter Include="Header Files\Objects\Textures">
      <UniqueIdentifier>{be761211-5c9e-43be-9d90-dc417ce3aefd}</UniqueIdentifier>
    </Filter>
    <Filter Include="Header Files\Lights">
      <UniqueIdentifier>{4f631ab0-8055-4224-bef6-01fd9e14d452}</UniqueIdentifier>
    </Filter>
    <Filter Include="Header Files\Settings">
      <UniqueIdentifier>{66c0bccb-31ee-4a66-b715-9448b4d94810}</UniqueIdentifier>
    </Filter>
    <Filter Include="Header Files\Cameras">
      <UniqueIdentifier>{8366b320-1ba1-4364-8c8a-fdef0441962d}</UniqueIdentifier>
    </Filter>
    <Filter Include="Header Files\GUI">
      <UniqueIdentifier>{53513368-6340-4847-b783-73b00d855e63}</UniqueIdentifier>
    </Filter>
    <Filter Include="Header Files\Objects\Objects">
      <UniqueIdentifier>{b767d059-04b4-4b5d-950e-ab30561ab67e}</UniqueIdentifier>
    </Filter>
    <Filter Include="Source Files\Lights">
      <UniqueIdentifier>{39e45a37-8125-4f36-a125-332efc6b292a}</UniqueIdentifier>
    </Filter>
    <Filter Include="Source Files\Camera">
      <UniqueIdentifier>{0938c2ec-5aa6-4622-afb6-34a5ff187d0b}</UniqueIdentifier>
    </Filter>
    <Filter Include="Header Files\Scenes">
      <UniqueIdentifier>{6b2c1747-e7f1-470d-ab10-7b116ce0603a}</UniqueIdentifier>
    </Filter>
    <Filter Include="Source Files\Scenes">
      <UniqueIdentifier>{d231d7fe-738e-43de-9c9f-359303f3550d}</UniqueIdentifier>
    </Filter>
    <Filter Include="Header Files\Characters">
      <UniqueIdentifier>{e9dca28d-26cb-4b45-b7ef-e64af4c02b6c}</UniqueIdentifier>
    </Filter>
    <Filter Include="Source Files\Characters">
      <UniqueIdentifier>{c6ec2624-6e7a-40f8-856f-b69f09fef138}</UniqueIdentifier>
    </Filter>
    <Filter Include="Header Files\Events">
      <UniqueIdentifier>{2d967a85-8414-4260-8cc8-3b4270cb294e}</UniqueIdentifier>
    </Filter>
    <Filter Include="Header Files\States">
      <UniqueIdentifier>{5f8c9082-9e2d-4d6c-8c98-41d94e623f54}</UniqueIdentifier>
    </Filter>
    <Filter Include="Header Files\States\GameStates">
      <UniqueIdentifier>{cdee92b7-aef7-4402-a567-05885ef5c5be}</UniqueIdentifier>
    </Filter>
    <Filter Include="Header Files\States\EditorStates">
      <UniqueIdentifier>{fb722470-ac1b-4d91-874f-5b9b7ee9d21f}</UniqueIdentifier>
    </Filter>
    <Filter Include="Source Files\Events">
      <UniqueIdentifier>{47d02075-cab0-457d-8dfd-b73ccd6b844a}</UniqueIdentifier>
    </Filter>
    <Filter Include="Source Files\States">
      <UniqueIdentifier>{a973b25e-9c92-4169-8e4d-412b8d5ab4a9}</UniqueIdentifier>
    </Filter>
    <Filter Include="Source Files\States\GameStates">
      <UniqueIdentifier>{1518b016-88b6-4b0f-aa10-d099a805bbd3}</UniqueIdentifier>
    </Filter>
    <Filter Include="Source Files\States\EditorStates">
      <UniqueIdentifier>{d6a8929b-e55a-4fd1-9fcb-bec2985013f1}</UniqueIdentifier>
    </Filter>
    <Filter Include="Header Files\Menus">
      <UniqueIdentifier>{eafe69bd-85fe-4948-9702-15ca292c4b96}</UniqueIdentifier>
    </Filter>
    <Filter Include="Source Files\GUI">
      <UniqueIdentifier>{170271d1-5dfb-415c-a7a9-e39c5cc43a84}</UniqueIdentifier>
    </Filter>
    <Filter Include="Header Files\Rendering">
      <UniqueIdentifier>{7c2e213c-bb96-4eaf-865b-c473fddd32d1}</UniqueIdentifier>
    </Filter>
    <Filter Include="Header Files\Rendering\Shaders">
      <UniqueIdentifier>{1d84883e-75a8-42a1-8069-904fcba36ec8}</UniqueIdentifier>
    </Filter>
    <Filter Include="Header Files\Rendering\Shaders\ShaderGroups">
      <UniqueIdentifier>{85e66d44-72bb-4c23-872f-cefd23ce5f47}</UniqueIdentifier>
    </Filter>
    <Filter Include="Header Files\Helper Files">
      <UniqueIdentifier>{2adc1dcf-6a43-41f6-994f-c2ced7a91cf1}</UniqueIdentifier>
    </Filter>
    <Filter Include="Header Files\Helper Files\Math">
      <UniqueIdentifier>{e911bedc-d4f8-447c-aaa2-374f06d93554}</UniqueIdentifier>
    </Filter>
    <Filter Include="Source Files\Rendering">
      <UniqueIdentifier>{a9935f95-9d5e-4e87-a475-d14f4235f71a}</UniqueIdentifier>
    </Filter>
    <Filter Include="Source Files\Rendering\Shaders">
      <UniqueIdentifier>{68c9ed05-fadc-4432-a03d-0ea999249177}</UniqueIdentifier>
    </Filter>
    <Filter Include="Source Files\Rendering\Shaders\HLSL_Shaders">
      <UniqueIdentifier>{6bdf601f-cc2e-414b-a49c-891d75ef0844}</UniqueIdentifier>
    </Filter>
    <Filter Include="Source Files\Rendering\Shaders\ShaderGroups">
      <UniqueIdentifier>{ca852f13-466c-4b93-975c-66b6a46f8bfb}</UniqueIdentifier>
    </Filter>
    <Filter Include="Source Files\Objects\Textures">
      <UniqueIdentifier>{8f46c884-e602-4f22-a97a-716e79ec7034}</UniqueIdentifier>
    </Filter>
    <Filter Include="Source Files\Helper Files">
      <UniqueIdentifier>{9da4ac4a-766a-4653-b587-d7da1d799202}</UniqueIdentifier>
    </Filter>
    <Filter Include="Source Files\Helper Files\Math">
      <UniqueIdentifier>{eb97efb8-6a33-4192-b89b-52bcb150735b}</UniqueIdentifier>
    </Filter>
    <Filter Include="Header Files\Not In Use\QuadTree">
      <UniqueIdentifier>{b8258edf-7716-4f02-9397-b0747274a198}</UniqueIdentifier>
    </Filter>
    <Filter Include="Source Files\Not In use\QuadTree">
      <UniqueIdentifier>{ab57c291-7ae7-487b-82f4-5bb51b604781}</UniqueIdentifier>
    </Filter>
    <Filter Include="Header Files\Objects\Materials">
      <UniqueIdentifier>{9b057280-dac6-47ae-94e9-29ec4288c682}</UniqueIdentifier>
    </Filter>
    <Filter Include="Source Files\Objects\Materials">
      <UniqueIdentifier>{dc920a0b-41e4-45cb-9363-b50ba70463ac}</UniqueIdentifier>
    </Filter>
    <Filter Include="Source Files\Objects\Objects">
      <UniqueIdentifier>{000fc4f5-821b-47af-92cc-bf6627b7e0e6}</UniqueIdentifier>
    </Filter>
    <Filter Include="Header Files\EntityComponentSystem">
      <UniqueIdentifier>{378d586f-0d16-432e-8c1c-302627aae24d}</UniqueIdentifier>
    </Filter>
    <Filter Include="Header Files\EntityComponentSystem\Systems">
      <UniqueIdentifier>{bfa9133b-55a1-4bc1-8e83-27e34b9c0ea3}</UniqueIdentifier>
    </Filter>
    <Filter Include="Header Files\EntityComponentSystem\Components">
      <UniqueIdentifier>{a4ad04e7-8c42-4eaf-97bc-37cf91f97978}</UniqueIdentifier>
    </Filter>
  </ItemGroup>
  <ItemGroup>
    <ClCompile Include="ModelFactory.cpp">
      <Filter>Source Files\Not In use</Filter>
    </ClCompile>
    <ClCompile Include="QuadTreeObject.cpp">
      <Filter>Source Files\Not In use\QuadTree</Filter>
    </ClCompile>
    <ClCompile Include="QuadTree.cpp">
      <Filter>Source Files\Not In use\QuadTree</Filter>
    </ClCompile>
    <ClCompile Include="QuadTreeNode.cpp">
      <Filter>Source Files\Not In use\QuadTree</Filter>
    </ClCompile>
    <ClCompile Include="Scene.cpp">
      <Filter>Source Files\Scenes</Filter>
    </ClCompile>
    <ClCompile Include="SceneEditor.cpp">
      <Filter>Source Files\Scenes</Filter>
    </ClCompile>
    <ClCompile Include="GameState.cpp">
      <Filter>Source Files\States\GameStates</Filter>
    </ClCompile>
    <ClCompile Include="PlayState.cpp">
      <Filter>Source Files\States\GameStates</Filter>
    </ClCompile>
    <ClCompile Include="SceneEditorState.cpp">
      <Filter>Source Files\States\GameStates</Filter>
    </ClCompile>
    <ClCompile Include="EditorState.cpp">
      <Filter>Source Files\States\EditorStates</Filter>
    </ClCompile>
    <ClCompile Include="EditorPlacementState.cpp">
      <Filter>Source Files\States\EditorStates</Filter>
    </ClCompile>
    <ClCompile Include="EditorSelectionState.cpp">
      <Filter>Source Files\States\EditorStates</Filter>
    </ClCompile>
    <ClCompile Include="Character.cpp">
      <Filter>Source Files\Characters</Filter>
    </ClCompile>
    <ClCompile Include="EditorMoveState.cpp">
      <Filter>Source Files\States\EditorStates</Filter>
    </ClCompile>
    <ClCompile Include="EditorSaveState.cpp">
      <Filter>Source Files\States\EditorStates</Filter>
    </ClCompile>
    <ClCompile Include="EditorRotateState.cpp">
      <Filter>Source Files\States\EditorStates</Filter>
    </ClCompile>
    <ClCompile Include="EditorScaleState.cpp">
      <Filter>Source Files\States\EditorStates</Filter>
    </ClCompile>
    <ClCompile Include="MainMenuState.cpp">
      <Filter>Source Files\States\GameStates</Filter>
    </ClCompile>
    <ClCompile Include="SceneStorage.cpp">
      <Filter>Source Files\Scenes</Filter>
    </ClCompile>
    <ClCompile Include="EditorLoadState.cpp">
      <Filter>Source Files\States\EditorStates</Filter>
    </ClCompile>
    <ClCompile Include="World.cpp">
      <Filter>Source Files\Not In use</Filter>
    </ClCompile>
    <ClCompile Include="Lightning.cpp">
      <Filter>Source Files\Objects\Objects</Filter>
    </ClCompile>
    <ClCompile Include="LineBeam.cpp">
      <Filter>Source Files\Objects\Objects</Filter>
    </ClCompile>
    <ClCompile Include="EntityComponentManager.cpp">
      <Filter>Header Files\EntityComponentSystem</Filter>
    </ClCompile>
    <ClCompile Include="EntityManager.cpp">
      <Filter>Header Files\EntityComponentSystem</Filter>
    </ClCompile>
    <ClCompile Include="EntityStorage.cpp">
      <Filter>Header Files\EntityComponentSystem</Filter>
    </ClCompile>
    <ClCompile Include="AbstractSystem.cpp">
      <Filter>Header Files\EntityComponentSystem\Systems</Filter>
    </ClCompile>
    <ClCompile Include="PhysicSystem.cpp">
      <Filter>Header Files\EntityComponentSystem\Systems</Filter>
    </ClCompile>
    <ClCompile Include="Main.cpp">
      <Filter>Source Files</Filter>
    </ClCompile>
    <ClCompile Include="Game.cpp">
      <Filter>Source Files</Filter>
    </ClCompile>
  </ItemGroup>
  <ItemGroup>
    <ClInclude Include="ModelFactory.hpp">
      <Filter>Header Files\Not In Use</Filter>
    </ClInclude>
    <ClInclude Include="QuadTree.hpp">
      <Filter>Header Files\Not In Use\QuadTree</Filter>
    </ClInclude>
    <ClInclude Include="QuadTreeNode.hpp">
      <Filter>Header Files\Not In Use\QuadTree</Filter>
    </ClInclude>
    <ClInclude Include="QuadTreeObject.hpp">
      <Filter>Header Files\Not In Use\QuadTree</Filter>
    </ClInclude>
    <ClInclude Include="Scene.hpp">
      <Filter>Header Files\Scenes</Filter>
    </ClInclude>
    <ClInclude Include="SceneEditor.hpp">
      <Filter>Header Files\Scenes</Filter>
    </ClInclude>
    <ClInclude Include="GameState.hpp">
      <Filter>Header Files\States\GameStates</Filter>
    </ClInclude>
    <ClInclude Include="PlayState.hpp">
      <Filter>Header Files\States\GameStates</Filter>
    </ClInclude>
    <ClInclude Include="SceneEditorState.hpp">
      <Filter>Header Files\States\GameStates</Filter>
    </ClInclude>
    <ClInclude Include="RenderModes.hpp">
      <Filter>Header Files\Settings</Filter>
    </ClInclude>
    <ClInclude Include="HUDModes.hpp">
      <Filter>Header Files\Settings</Filter>
    </ClInclude>
    <ClInclude Include="OrthogonalModes.hpp">
      <Filter>Header Files\Settings</Filter>
    </ClInclude>
    <ClInclude Include="Character.hpp">
      <Filter>Header Files\Characters</Filter>
    </ClInclude>
    <ClInclude Include="EditorState.hpp">
      <Filter>Header Files\States\EditorStates</Filter>
    </ClInclude>
    <ClInclude Include="EditorPlacementState.hpp">
      <Filter>Header Files\States\EditorStates</Filter>
    </ClInclude>
    <ClInclude Include="EditorSelectionState.hpp">
      <Filter>Header Files\States\EditorStates</Filter>
    </ClInclude>
    <ClInclude Include="ObjectAmountSettings.hpp">
      <Filter>Header Files\Settings</Filter>
    </ClInclude>
    <ClInclude Include="EditorMoveState.hpp">
      <Filter>Header Files\States\EditorStates</Filter>
    </ClInclude>
    <ClInclude Include="EditorSaveState.hpp">
      <Filter>Header Files\States\EditorStates</Filter>
    </ClInclude>
    <ClInclude Include="EditorRotateState.hpp">
      <Filter>Header Files\States\EditorStates</Filter>
    </ClInclude>
    <ClInclude Include="EditorScaleState.hpp">
      <Filter>Header Files\States\EditorStates</Filter>
    </ClInclude>
    <ClInclude Include="MainMenuState.hpp">
      <Filter>Header Files\States\GameStates</Filter>
    </ClInclude>
    <ClInclude Include="EditorLoadState.hpp">
      <Filter>Header Files\States\EditorStates</Filter>
    </ClInclude>
    <ClInclude Include="SceneStorage.hpp">
      <Filter>Header Files\Scenes</Filter>
    </ClInclude>
    <ClInclude Include="World.hpp">
      <Filter>Header Files\Not In Use</Filter>
    </ClInclude>
    <ClInclude Include="Lightning.hpp">
      <Filter>Header Files\Objects\Objects</Filter>
    </ClInclude>
    <ClInclude Include="LineBeam.hpp">
      <Filter>Header Files\Objects\Objects</Filter>
    </ClInclude>
    <ClInclude Include="ComponentEventData.hpp">
      <Filter>Header Files\EntityComponentSystem</Filter>
    </ClInclude>
    <ClInclude Include="ComponentTable.hpp">
      <Filter>Header Files\EntityComponentSystem</Filter>
    </ClInclude>
    <ClInclude Include="ComponentWrapper.hpp">
      <Filter>Header Files\EntityComponentSystem</Filter>
    </ClInclude>
    <ClInclude Include="EntityManager.hpp">
      <Filter>Header Files\EntityComponentSystem</Filter>
    </ClInclude>
    <ClInclude Include="EntityStorage.hpp">
      <Filter>Header Files\EntityComponentSystem</Filter>
    </ClInclude>
    <ClInclude Include="SystemManager.hpp">
      <Filter>Header Files\EntityComponentSystem</Filter>
    </ClInclude>
    <ClInclude Include="AbstractSystem.hpp">
      <Filter>Header Files\EntityComponentSystem\Systems</Filter>
    </ClInclude>
    <ClInclude Include="PhysicSystem.hpp">
      <Filter>Header Files\EntityComponentSystem\Systems</Filter>
    </ClInclude>
    <ClInclude Include="System.hpp">
      <Filter>Header Files\EntityComponentSystem\Systems</Filter>
    </ClInclude>
    <ClInclude Include="BaseSystem.hpp">
      <Filter>Header Files\EntityComponentSystem\Systems</Filter>
    </ClInclude>
    <ClInclude Include="BaseComponent.hpp">
      <Filter>Header Files\EntityComponentSystem\Components</Filter>
    </ClInclude>
    <ClInclude Include="Component.hpp">
      <Filter>Header Files\EntityComponentSystem\Components</Filter>
    </ClInclude>
    <ClInclude Include="Components.hpp">
      <Filter>Header Files\EntityComponentSystem\Components</Filter>
    </ClInclude>
    <ClInclude Include="ComponentStorage.hpp">
      <Filter>Header Files\EntityComponentSystem\Components</Filter>
    </ClInclude>
    <ClInclude Include="ComponentType.hpp">
      <Filter>Header Files\EntityComponentSystem\Components</Filter>
    </ClInclude>
    <ClInclude Include="Game.hpp">
      <Filter>Header Files</Filter>
    </ClInclude>
    <ClInclude Include="TextButtonManager.hpp">
      <Filter>Header Files\Menus</Filter>
    </ClInclude>
  </ItemGroup>
  <ItemGroup>
    <None Include="packages.config" />
  </ItemGroup>
</Project>