<?xml version="1.0" encoding="utf-8"?>
<Project ToolsVersion="4.0" xmlns="http://schemas.microsoft.com/developer/msbuild/2003">
  <ItemGroup>
    <Filter Include="Source Files">
      <UniqueIdentifier>{4FC737F1-C7A5-4376-A066-2A32D752A2FF}</UniqueIdentifier>
      <Extensions>cpp;c;cc;cxx;def;odl;idl;hpj;bat;asm;asmx</Extensions>
    </Filter>
    <Filter Include="Header Files">
      <UniqueIdentifier>{93995380-89BD-4b04-88EB-625FBE52EBFB}</UniqueIdentifier>
      <Extensions>h;hh;hpp;hxx;hm;inl;inc;xsd</Extensions>
    </Filter>
    <Filter Include="Resource Files">
      <UniqueIdentifier>{67DA6AB6-F800-4c08-8B7A-83BB121AAD01}</UniqueIdentifier>
      <Extensions>rc;ico;cur;bmp;dlg;rc2;rct;bin;rgs;gif;jpg;jpeg;jpe;resx;tiff;tif;png;wav;mfcribbon-ms</Extensions>
    </Filter>
    <Filter Include="Header Files\Shaders">
      <UniqueIdentifier>{1d84883e-75a8-42a1-8069-904fcba36ec8}</UniqueIdentifier>
    </Filter>
    <Filter Include="Source Files\Shaders">
      <UniqueIdentifier>{68c9ed05-fadc-4432-a03d-0ea999249177}</UniqueIdentifier>
    </Filter>
    <Filter Include="Source Files\Shaders\HLSL_Shaders">
      <UniqueIdentifier>{6bdf601f-cc2e-414b-a49c-891d75ef0844}</UniqueIdentifier>
    </Filter>
    <Filter Include="Header Files\Models">
      <UniqueIdentifier>{91fa7207-d78a-4ea2-ba8e-87fb25906ccb}</UniqueIdentifier>
    </Filter>
    <Filter Include="Source Files\Models">
      <UniqueIdentifier>{278a866d-dbfc-4eba-9592-6c1d7aabcdfb}</UniqueIdentifier>
    </Filter>
    <Filter Include="Header Files\Not In Use">
      <UniqueIdentifier>{0e016038-abab-4331-992b-6a8f7df666f0}</UniqueIdentifier>
    </Filter>
    <Filter Include="Source Files\Not In use">
      <UniqueIdentifier>{3c30bc65-3bc4-40fe-a96e-1bdfb8716124}</UniqueIdentifier>
    </Filter>
  </ItemGroup>
  <ItemGroup>
    <ClCompile Include="Main.cpp">
      <Filter>Source Files</Filter>
    </ClCompile>
    <ClCompile Include="Direct3D.cpp">
      <Filter>Source Files</Filter>
    </ClCompile>
    <ClCompile Include="Camera.cpp">
      <Filter>Source Files</Filter>
    </ClCompile>
    <ClCompile Include="Window.cpp">
      <Filter>Source Files</Filter>
    </ClCompile>
    <ClCompile Include="Game.cpp">
      <Filter>Source Files</Filter>
    </ClCompile>
    <ClCompile Include="Shader.cpp">
      <Filter>Source Files\Shaders</Filter>
    </ClCompile>
    <ClCompile Include="VertexShader.cpp">
      <Filter>Source Files\Shaders</Filter>
    </ClCompile>
    <ClCompile Include="PixelShader.cpp">
      <Filter>Source Files\Shaders</Filter>
    </ClCompile>
    <ClCompile Include="Model.cpp">
      <Filter>Source Files\Models</Filter>
    </ClCompile>
    <ClCompile Include="SingleColorModel.cpp">
      <Filter>Source Files\Models</Filter>
    </ClCompile>
    <ClCompile Include="ShaderManager.cpp">
      <Filter>Source Files</Filter>
    </ClCompile>
    <ClCompile Include="Object.cpp">
      <Filter>Source Files</Filter>
    </ClCompile>
    <ClCompile Include="Buffers.cpp">
      <Filter>Source Files</Filter>
    </ClCompile>
    <ClCompile Include="ShaderStorage.cpp">
      <Filter>Source Files\Not In use</Filter>
    </ClCompile>
    <ClCompile Include="ModelFactory.cpp">
      <Filter>Source Files</Filter>
    </ClCompile>
    <ClCompile Include="Input.cpp">
      <Filter>Source Files</Filter>
    </ClCompile>
    <ClCompile Include="DeferredLightShaderGroup.cpp">
      <Filter>Source Files\Shaders</Filter>
    </ClCompile>
    <ClCompile Include="ShaderFactory.cpp">
      <Filter>Source Files</Filter>
    </ClCompile>
    <ClCompile Include="PlayerCameraManager.cpp">
      <Filter>Source Files</Filter>
    </ClCompile>
    <ClCompile Include="SingleColorShaderGroup.cpp">
      <Filter>Source Files\Shaders</Filter>
    </ClCompile>
    <ClCompile Include="DeferredSingleColorShaderGroup.cpp">
      <Filter>Source Files\Shaders</Filter>
    </ClCompile>
    <ClCompile Include="DeferredScreenTarget.cpp">
      <Filter>Source Files</Filter>
    </ClCompile>
  </ItemGroup>
  <ItemGroup>
    <ClInclude Include="Direct3D.hpp">
      <Filter>Header Files</Filter>
    </ClInclude>
    <ClInclude Include="Singleton.hpp">
      <Filter>Header Files</Filter>
    </ClInclude>
    <ClInclude Include="Camera.hpp">
      <Filter>Header Files</Filter>
    </ClInclude>
    <ClInclude Include="Vector2.hpp">
      <Filter>Header Files</Filter>
    </ClInclude>
    <ClInclude Include="Vector3.hpp">
      <Filter>Header Files</Filter>
    </ClInclude>
    <ClInclude Include="Window.hpp">
      <Filter>Header Files</Filter>
    </ClInclude>
    <ClInclude Include="Game.hpp">
      <Filter>Header Files</Filter>
    </ClInclude>
    <ClInclude Include="Shader.hpp">
      <Filter>Header Files\Shaders</Filter>
    </ClInclude>
    <ClInclude Include="Model.hpp">
      <Filter>Header Files\Models</Filter>
    </ClInclude>
    <ClInclude Include="SingleColorModel.hpp">
      <Filter>Header Files\Models</Filter>
    </ClInclude>
    <ClInclude Include="ShaderManager.hpp">
      <Filter>Header Files</Filter>
    </ClInclude>
    <ClInclude Include="VertexShader.hpp">
      <Filter>Header Files\Shaders</Filter>
    </ClInclude>
    <ClInclude Include="PixelShader.hpp">
      <Filter>Header Files\Shaders</Filter>
    </ClInclude>
    <ClInclude Include="Object.hpp">
      <Filter>Header Files</Filter>
    </ClInclude>
    <ClInclude Include="Buffers.hpp">
      <Filter>Header Files</Filter>
    </ClInclude>
    <ClInclude Include="ShaderStorage.hpp">
      <Filter>Header Files\Not In Use</Filter>
    </ClInclude>
    <ClInclude Include="ModelFactory.hpp">
      <Filter>Header Files</Filter>
    </ClInclude>
    <ClInclude Include="DeferredLightShaderGroup.hpp">
      <Filter>Header Files\Shaders</Filter>
    </ClInclude>
    <ClInclude Include="Input.hpp">
      <Filter>Header Files</Filter>
    </ClInclude>
    <ClInclude Include="ShaderFactory.hpp">
      <Filter>Header Files</Filter>
    </ClInclude>
    <ClInclude Include="PlayerCameraManager.hpp">
      <Filter>Header Files</Filter>
    </ClInclude>
    <ClInclude Include="SingleColorShaderGroup.hpp">
      <Filter>Header Files\Shaders</Filter>
    </ClInclude>
    <ClInclude Include="DeferredSingleColorShaderGroup.hpp">
      <Filter>Header Files\Shaders</Filter>
    </ClInclude>
    <ClInclude Include="DeferredScreenTarget.hpp">
      <Filter>Header Files</Filter>
    </ClInclude>
  </ItemGroup>
  <ItemGroup>
    <FxCompile Include="VS_SingleColor.hlsl">
      <Filter>Source Files\Shaders\HLSL_Shaders</Filter>
    </FxCompile>
    <FxCompile Include="PS_SingleColor.hlsl">
      <Filter>Source Files\Shaders\HLSL_Shaders</Filter>
    </FxCompile>
    <FxCompile Include="PS_D_SingleColor.hlsl">
      <Filter>Source Files\Shaders\HLSL_Shaders</Filter>
    </FxCompile>
    <FxCompile Include="VS_D_SingleColor.hlsl">
      <Filter>Source Files\Shaders\HLSL_Shaders</Filter>
    </FxCompile>
    <FxCompile Include="VS_D_Light.hlsl">
      <Filter>Source Files\Shaders\HLSL_Shaders</Filter>
    </FxCompile>
    <FxCompile Include="PS_D_Light.hlsl">
      <Filter>Source Files\Shaders\HLSL_Shaders</Filter>
    </FxCompile>
  </ItemGroup>
</Project>